
Microsoft Visual Studio Solution File, Format Version 12.00
# Visual Studio Version 17
VisualStudioVersion = 17.10.35027.167
MinimumVisualStudioVersion = 10.0.40219.1
Project("{FAE04EC0-301F-11D3-BF4B-00C04F79EFBC}") = "endPoint", "endPoint\endPoint.csproj", "{BF384C08-7112-4E03-B3C1-EE5EED7444B4}"
EndProject
Global
	GlobalSection(SolutionConfigurationPlatforms) = preSolution
		Debug|Any CPU = Debug|Any CPU
		Release|Any CPU = Release|Any CPU
	EndGlobalSection
	GlobalSection(ProjectConfigurationPlatforms) = postSolution
		{BF384C08-7112-4E03-B3C1-EE5EED7444B4}.Debug|Any CPU.ActiveCfg = Debug|Any CPU
		{BF384C08-7112-4E03-B3C1-EE5EED7444B4}.Debug|Any CPU.Build.0 = Debug|Any CPU
		{BF384C08-7112-4E03-B3C1-EE5EED7444B4}.Release|Any CPU.ActiveCfg = Release|Any CPU
		{BF384C08-7112-4E03-B3C1-EE5EED7444B4}.Release|Any CPU.Build.0 = Release|Any CPU
	EndGlobalSection
	GlobalSection(SolutionProperties) = preSolution
		HideSolutionNode = FALSE
	EndGlobalSection
	GlobalSection(ExtensibilityGlobals) = postSolution
		SolutionGuid = {1BEDCFCC-4C90-4835-A546-78BBFDCA45CC}
	EndGlobalSection
EndGlobal
